{
  "name": "dp-catalog",
  "version": "1.0.50",
  "lockfileVersion": 1,
  "requires": true,
  "dependencies": {
    "@bloomreach/ng-sdk": {
      "version": "14.4.0",
      "resolved": "http://localhost:4873/@bloomreach%2fng-sdk/-/ng-sdk-14.4.0.tgz",
      "integrity": "sha512-WLu6BKD5Lnv3wAJ2d5ZjK5NVfl5eescrSRR0uu7hO286yiqiO1hj/AT2fFyThjT86dHicQtJGQcTcRw2zLX/Sg==",
      "requires": {
        "@bloomreach/spa-sdk": "^14.4.0"
      }
    },
    "@bloomreach/spa-sdk": {
      "version": "14.4.0",
      "resolved": "http://localhost:4873/@bloomreach%2fspa-sdk/-/spa-sdk-14.4.0.tgz",
      "integrity": "sha512-/1/aD0ZVX8aeAjn2ZAsCB8IdfMeMBfWNJKFEjjHeJYn2iEaGzgUsZ9fam1lhLpbkGL12ofr4h66ggzUiJQTHAQ==",
      "requires": {
        "emittery": "^0.7",
        "inversify": "^5.0",
        "reflect-metadata": "^0.1",
        "xmldom": "^0.4"
      }
    },
    "@types/lodash": {
      "version": "4.14.165",
      "resolved": "http://localhost:4873/@types%2flodash/-/lodash-4.14.165.tgz",
      "integrity": "sha512-tjSSOTHhI5mCHTy/OOXYIhi2Wt1qcbHmuXD1Ha7q70CgI/I71afO4XtLb/cVexki1oVYchpul/TOuu3Arcdxrg==",
      "dev": true
    },
    "emittery": {
      "version": "0.7.2",
      "resolved": "http://localhost:4873/emittery/-/emittery-0.7.2.tgz",
      "integrity": "sha512-A8OG5SR/ij3SsJdWDJdkkSYUjQdCUx6APQXem0SaEePBSRg4eymGYwBkKo1Y6DU+af/Jn2dBQqDBvjnr9Vi8nQ=="
    },
    "inversify": {
      "version": "5.0.5",
      "resolved": "http://localhost:4873/inversify/-/inversify-5.0.5.tgz",
      "integrity": "sha512-60QsfPz8NAU/GZqXu8hJ+BhNf/C/c+Hp0eDc6XMIJTxBiP36AQyyQKpBkOVTLWBFDQWYVHpbbEuIsHu9dLuJDA=="
    },
    "loadash": {
      "version": "1.0.0",
      "resolved": "http://localhost:4873/loadash/-/loadash-1.0.0.tgz",
      "integrity": "sha512-xlX5HBsXB3KG0FJbJJG/3kYWCfsCyCSus3T+uHVu6QL6YxAdggmm3QeyLgn54N2yi5/UE6xxL5ZWJAAiHzHYEg=="
    },
    "lodash": {
      "version": "4.17.20",
      "resolved": "http://localhost:4873/lodash/-/lodash-4.17.20.tgz",
      "integrity": "sha512-PlhdFcillOINfeV7Ni6oF1TAEayyZBoZ8bcshTHqOYJYlrqzRK5hagpagky5o4HfCzzd1TRkXPMFq6cKk9rGmA=="
    },
    "reflect-metadata": {
      "version": "0.1.13",
      "resolved": "http://localhost:4873/reflect-metadata/-/reflect-metadata-0.1.13.tgz",
      "integrity": "sha512-Ts1Y/anZELhSsjMcU605fU9RE4Oi3p5ORujwbIKXfWa+0Zxs510Qrmrce5/Jowq3cHSZSJqBjypxmHarc+vEWg=="
    },
    "xmldom": {
      "version": "0.4.0",
      "resolved": "http://localhost:4873/xmldom/-/xmldom-0.4.0.tgz",
      "integrity": "sha512-2E93k08T30Ugs+34HBSTQLVtpi6mCddaY8uO+pMNk1pqSjV5vElzn4mmh6KLxN3hki8rNcHSYzILoh3TEWORvA=="
    }
  }
}
